
Microsoft Visual Studio Solution File, Format Version 12.00
# Visual Studio Version 16
VisualStudioVersion = 16.0.31829.152
MinimumVisualStudioVersion = 10.0.40219.1
Project("{FAE04EC0-301F-11D3-BF4B-00C04F79EFBC}") = "Calc", "Calc\Calc.csproj", "{22FBA42F-21A9-425F-B177-5E8EDE3929C7}"
EndProject
Global
	GlobalSection(SolutionConfigurationPlatforms) = preSolution
		Debug|Any CPU = Debug|Any CPU
		Release|Any CPU = Release|Any CPU
	EndGlobalSection
	GlobalSection(ProjectConfigurationPlatforms) = postSolution
		{22FBA42F-21A9-425F-B177-5E8EDE3929C7}.Debug|Any CPU.ActiveCfg = Debug|Any CPU
		{22FBA42F-21A9-425F-B177-5E8EDE3929C7}.Debug|Any CPU.Build.0 = Debug|Any CPU
		{22FBA42F-21A9-425F-B177-5E8EDE3929C7}.Release|Any CPU.ActiveCfg = Release|Any CPU
		{22FBA42F-21A9-425F-B177-5E8EDE3929C7}.Release|Any CPU.Build.0 = Release|Any CPU
	EndGlobalSection
	GlobalSection(SolutionProperties) = preSolution
		HideSolutionNode = FALSE
	EndGlobalSection
	GlobalSection(ExtensibilityGlobals) = postSolution
		SolutionGuid = {F1F23A2B-9832-4631-B22F-F2D419D4D495}
	EndGlobalSection
EndGlobal
